
Microsoft Visual Studio Solution File, Format Version 12.00
# Visual Studio Version 17
VisualStudioVersion = 17.13.35825.156
MinimumVisualStudioVersion = 10.0.40219.1
Project("{FAE04EC0-301F-11D3-BF4B-00C04F79EFBC}") = "Task", "Task\Task.csproj", "{BCD9967C-0F1E-4CE1-B5E8-2BCCC1A1B90F}"
EndProject
Project("{2150E333-8FDC-42A3-9474-1A3956D46DE8}") = "DevExtreme NuGet.config", "DevExtreme NuGet.config", "{02EA681E-C7D8-13C7-8484-4AC65E1B71E8}"
	ProjectSection(SolutionItems) = preProject
		NuGet.config = NuGet.config
	EndProjectSection
EndProject
Global
	GlobalSection(SolutionConfigurationPlatforms) = preSolution
		Debug|Any CPU = Debug|Any CPU
		Release|Any CPU = Release|Any CPU
	EndGlobalSection
	GlobalSection(ProjectConfigurationPlatforms) = postSolution
		{BCD9967C-0F1E-4CE1-B5E8-2BCCC1A1B90F}.Debug|Any CPU.ActiveCfg = Debug|Any CPU
		{BCD9967C-0F1E-4CE1-B5E8-2BCCC1A1B90F}.Debug|Any CPU.Build.0 = Debug|Any CPU
		{BCD9967C-0F1E-4CE1-B5E8-2BCCC1A1B90F}.Release|Any CPU.ActiveCfg = Release|Any CPU
		{BCD9967C-0F1E-4CE1-B5E8-2BCCC1A1B90F}.Release|Any CPU.Build.0 = Release|Any CPU
	EndGlobalSection
	GlobalSection(SolutionProperties) = preSolution
		HideSolutionNode = FALSE
	EndGlobalSection
	GlobalSection(ExtensibilityGlobals) = postSolution
		SolutionGuid = {292CACF0-A944-4245-A47F-C70308C4EDC7}
	EndGlobalSection
EndGlobal
